
Microsoft Visual Studio Solution File, Format Version 12.00
# Visual Studio Version 16
VisualStudioVersion = 16.0.31019.35
MinimumVisualStudioVersion = 10.0.40219.1
Project("{FAE04EC0-301F-11D3-BF4B-00C04F79EFBC}") = "XMLValidation", "XMLValidation.csproj", "{63A86A5D-B853-471A-958E-CF8DB4C8191B}"
EndProject
Global
	GlobalSection(SolutionConfigurationPlatforms) = preSolution
		Debug|Any CPU = Debug|Any CPU
		Release|Any CPU = Release|Any CPU
	EndGlobalSection
	GlobalSection(ProjectConfigurationPlatforms) = postSolution
		{63A86A5D-B853-471A-958E-CF8DB4C8191B}.Debug|Any CPU.ActiveCfg = Debug|Any CPU
		{63A86A5D-B853-471A-958E-CF8DB4C8191B}.Debug|Any CPU.Build.0 = Debug|Any CPU
		{63A86A5D-B853-471A-958E-CF8DB4C8191B}.Release|Any CPU.ActiveCfg = Release|Any CPU
		{63A86A5D-B853-471A-958E-CF8DB4C8191B}.Release|Any CPU.Build.0 = Release|Any CPU
	EndGlobalSection
	GlobalSection(SolutionProperties) = preSolution
		HideSolutionNode = FALSE
	EndGlobalSection
	GlobalSection(ExtensibilityGlobals) = postSolution
		SolutionGuid = {57720D42-55B6-41DC-AC31-FE79C102A164}
	EndGlobalSection
EndGlobal
